// !$*UTF8*$!
{
	archiveVersion = 1;
	classes = {
	};
	objectVersion = 46;
	objects = {

/* Begin PBXBuildFile section */
		3F05394B1CEF5D7800510496 /* CMMomentsRichTextView.m in Sources */ = {isa = PBXBuildFile; fileRef = 3F05394A1CEF5D7800510496 /* CMMomentsRichTextView.m */; };
		3F1F020C1CEAB4D200977A58 /* CMBaseTableViewController.m in Sources */ = {isa = PBXBuildFile; fileRef = 3F1F020B1CEAB4D200977A58 /* CMBaseTableViewController.m */; };
		3F1F020F1CEAB4E200977A58 /* CMBaseViewController.m in Sources */ = {isa = PBXBuildFile; fileRef = 3F1F020E1CEAB4E200977A58 /* CMBaseViewController.m */; };
		3F1F02121CEAB80200977A58 /* CMSendMessageView.m in Sources */ = {isa = PBXBuildFile; fileRef = 3F1F02111CEAB80200977A58 /* CMSendMessageView.m */; };
		3F2B29301CFB59FB006B2E71 /* CMPhotoCollectionViewCell.h in Sources */ = {isa = PBXBuildFile; fileRef = 3F2B292C1CFB55A6006B2E71 /* CMPhotoCollectionViewCell.h */; };
		3F2B29311CFB59FB006B2E71 /* CMPhotoCollectionViewCell.m in Sources */ = {isa = PBXBuildFile; fileRef = 3F2B292D1CFB55A6006B2E71 /* CMPhotoCollectionViewCell.m */; };
		3F2B29321CFB59FB006B2E71 /* CMPhotoCollectionFlowLayout.h in Sources */ = {isa = PBXBuildFile; fileRef = 3F2B292E1CFB55CE006B2E71 /* CMPhotoCollectionFlowLayout.h */; };
		3F2B29331CFB59FB006B2E71 /* CMPhotoCollectionFlowLayout.m in Sources */ = {isa = PBXBuildFile; fileRef = 3F2B292F1CFB55CE006B2E71 /* CMPhotoCollectionFlowLayout.m */; };
		3F2D6D201CE0C8EB00B1A267 /* main.m in Sources */ = {isa = PBXBuildFile; fileRef = 3F2D6D1F1CE0C8EB00B1A267 /* main.m */; };
		3F2D6D231CE0C8EB00B1A267 /* AppDelegate.m in Sources */ = {isa = PBXBuildFile; fileRef = 3F2D6D221CE0C8EB00B1A267 /* AppDelegate.m */; };
		3F2D6D2E1CE0C8EB00B1A267 /* LaunchScreen.storyboard in Resources */ = {isa = PBXBuildFile; fileRef = 3F2D6D2C1CE0C8EB00B1A267 /* LaunchScreen.storyboard */; };
		3F2D6D501CE0CDDD00B1A267 /* CMDiscoverViewController.m in Sources */ = {isa = PBXBuildFile; fileRef = 3F2D6D4D1CE0CDDD00B1A267 /* CMDiscoverViewController.m */; };
		3F2D6D511CE0CDDD00B1A267 /* CMDiscoverViewController.storyboard in Resources */ = {isa = PBXBuildFile; fileRef = 3F2D6D4E1CE0CDDD00B1A267 /* CMDiscoverViewController.storyboard */; };
		3F5530FB1CE538FD0059350B /* CMMomentsViewController.m in Sources */ = {isa = PBXBuildFile; fileRef = 3F5530F61CE538FD0059350B /* CMMomentsViewController.m */; };
		3F5530FC1CE538FD0059350B /* CMMomentsTableViewCell.m in Sources */ = {isa = PBXBuildFile; fileRef = 3F5530FA1CE538FD0059350B /* CMMomentsTableViewCell.m */; };
		3F5530FF1CE5394B0059350B /* CMMomentsManager.m in Sources */ = {isa = PBXBuildFile; fileRef = 3F5530FE1CE5394B0059350B /* CMMomentsManager.m */; };
		3F5531021CE53C450059350B /* CMMomentsItem.m in Sources */ = {isa = PBXBuildFile; fileRef = 3F5531011CE53C450059350B /* CMMomentsItem.m */; };
		3F55316F1CE5770B0059350B /* images.xcassets in Resources */ = {isa = PBXBuildFile; fileRef = 3F55316E1CE5770B0059350B /* images.xcassets */; };
		3FEB06DE1CECECB0008F4C15 /* CMMomentsOperationView.m in Sources */ = {isa = PBXBuildFile; fileRef = 3FEB06DD1CECECB0008F4C15 /* CMMomentsOperationView.m */; };
/* End PBXBuildFile section */

/* Begin PBXFileReference section */
		3F0539491CEF5D7800510496 /* CMMomentsRichTextView.h */ = {isa = PBXFileReference; fileEncoding = 4; lastKnownFileType = sourcecode.c.h; path = CMMomentsRichTextView.h; sourceTree = "<group>"; };
		3F05394A1CEF5D7800510496 /* CMMomentsRichTextView.m */ = {isa = PBXFileReference; fileEncoding = 4; lastKnownFileType = sourcecode.c.objc; path = CMMomentsRichTextView.m; sourceTree = "<group>"; };
		3F1F020A1CEAB4D200977A58 /* CMBaseTableViewController.h */ = {isa = PBXFileReference; fileEncoding = 4; lastKnownFileType = sourcecode.c.h; path = CMBaseTableViewController.h; sourceTree = "<group>"; };
		3F1F020B1CEAB4D200977A58 /* CMBaseTableViewController.m */ = {isa = PBXFileReference; fileEncoding = 4; lastKnownFileType = sourcecode.c.objc; path = CMBaseTableViewController.m; sourceTree = "<group>"; };
		3F1F020D1CEAB4E200977A58 /* CMBaseViewController.h */ = {isa = PBXFileReference; fileEncoding = 4; lastKnownFileType = sourcecode.c.h; path = CMBaseViewController.h; sourceTree = "<group>"; };
		3F1F020E1CEAB4E200977A58 /* CMBaseViewController.m */ = {isa = PBXFileReference; fileEncoding = 4; lastKnownFileType = sourcecode.c.objc; path = CMBaseViewController.m; sourceTree = "<group>"; };
		3F1F02101CEAB80200977A58 /* CMSendMessageView.h */ = {isa = PBXFileReference; fileEncoding = 4; lastKnownFileType = sourcecode.c.h; path = CMSendMessageView.h; sourceTree = "<group>"; };
		3F1F02111CEAB80200977A58 /* CMSendMessageView.m */ = {isa = PBXFileReference; fileEncoding = 4; lastKnownFileType = sourcecode.c.objc; path = CMSendMessageView.m; sourceTree = "<group>"; };
		3F2B292C1CFB55A6006B2E71 /* CMPhotoCollectionViewCell.h */ = {isa = PBXFileReference; lastKnownFileType = sourcecode.c.h; path = CMPhotoCollectionViewCell.h; sourceTree = "<group>"; };
		3F2B292D1CFB55A6006B2E71 /* CMPhotoCollectionViewCell.m */ = {isa = PBXFileReference; lastKnownFileType = sourcecode.c.objc; path = CMPhotoCollectionViewCell.m; sourceTree = "<group>"; };
		3F2B292E1CFB55CE006B2E71 /* CMPhotoCollectionFlowLayout.h */ = {isa = PBXFileReference; lastKnownFileType = sourcecode.c.h; path = CMPhotoCollectionFlowLayout.h; sourceTree = "<group>"; };
		3F2B292F1CFB55CE006B2E71 /* CMPhotoCollectionFlowLayout.m */ = {isa = PBXFileReference; lastKnownFileType = sourcecode.c.objc; path = CMPhotoCollectionFlowLayout.m; sourceTree = "<group>"; };
		3F2B29811CFB7AA5006B2E71 /* icon0.jpg */ = {isa = PBXFileReference; lastKnownFileType = image.jpeg; path = icon0.jpg; sourceTree = "<group>"; };
		3F2B29821CFB7AA5006B2E71 /* icon1.jpg */ = {isa = PBXFileReference; lastKnownFileType = image.jpeg; path = icon1.jpg; sourceTree = "<group>"; };
		3F2B29831CFB7AA5006B2E71 /* icon2.jpg */ = {isa = PBXFileReference; lastKnownFileType = image.jpeg; path = icon2.jpg; sourceTree = "<group>"; };
		3F2B29841CFB7AA5006B2E71 /* icon3.jpg */ = {isa = PBXFileReference; lastKnownFileType = image.jpeg; path = icon3.jpg; sourceTree = "<group>"; };
		3F2B29851CFB7AA5006B2E71 /* icon4.jpg */ = {isa = PBXFileReference; lastKnownFileType = image.jpeg; path = icon4.jpg; sourceTree = "<group>"; };
		3F2B29871CFB7AA5006B2E71 /* pic0.jpg */ = {isa = PBXFileReference; lastKnownFileType = image.jpeg; path = pic0.jpg; sourceTree = "<group>"; };
		3F2B29881CFB7AA5006B2E71 /* pic1.jpg */ = {isa = PBXFileReference; lastKnownFileType = image.jpeg; path = pic1.jpg; sourceTree = "<group>"; };
		3F2B29891CFB7AA5006B2E71 /* pic2.jpg */ = {isa = PBXFileReference; lastKnownFileType = image.jpeg; path = pic2.jpg; sourceTree = "<group>"; };
		3F2B298A1CFB7AA5006B2E71 /* pic3.jpg */ = {isa = PBXFileReference; lastKnownFileType = image.jpeg; path = pic3.jpg; sourceTree = "<group>"; };
		3F2B298B1CFB7AA5006B2E71 /* pic4.jpg */ = {isa = PBXFileReference; lastKnownFileType = image.jpeg; path = pic4.jpg; sourceTree = "<group>"; };
		3F2B298C1CFB7AA5006B2E71 /* pic5.jpg */ = {isa = PBXFileReference; lastKnownFileType = image.jpeg; path = pic5.jpg; sourceTree = "<group>"; };
		3F2B298D1CFB7AA5006B2E71 /* pic6.jpg */ = {isa = PBXFileReference; lastKnownFileType = image.jpeg; path = pic6.jpg; sourceTree = "<group>"; };
		3F2B298E1CFB7AA5006B2E71 /* pic7.jpg */ = {isa = PBXFileReference; lastKnownFileType = image.jpeg; path = pic7.jpg; sourceTree = "<group>"; };
		3F2B298F1CFB7AA5006B2E71 /* pic8.jpg */ = {isa = PBXFileReference; lastKnownFileType = image.jpeg; path = pic8.jpg; sourceTree = "<group>"; };
		3F2D6D1B1CE0C8EB00B1A267 /* CMWeChat.app */ = {isa = PBXFileReference; explicitFileType = wrapper.application; includeInIndex = 0; path = CMWeChat.app; sourceTree = BUILT_PRODUCTS_DIR; };
		3F2D6D1F1CE0C8EB00B1A267 /* main.m */ = {isa = PBXFileReference; lastKnownFileType = sourcecode.c.objc; path = main.m; sourceTree = "<group>"; };
		3F2D6D211CE0C8EB00B1A267 /* AppDelegate.h */ = {isa = PBXFileReference; lastKnownFileType = sourcecode.c.h; path = AppDelegate.h; sourceTree = "<group>"; };
		3F2D6D221CE0C8EB00B1A267 /* AppDelegate.m */ = {isa = PBXFileReference; lastKnownFileType = sourcecode.c.objc; path = AppDelegate.m; sourceTree = "<group>"; };
		3F2D6D2D1CE0C8EB00B1A267 /* Base */ = {isa = PBXFileReference; lastKnownFileType = file.storyboard; name = Base; path = Base.lproj/LaunchScreen.storyboard; sourceTree = "<group>"; };
		3F2D6D2F1CE0C8EB00B1A267 /* Info.plist */ = {isa = PBXFileReference; lastKnownFileType = text.plist.xml; path = Info.plist; sourceTree = "<group>"; };
		3F2D6D4C1CE0CDDD00B1A267 /* CMDiscoverViewController.h */ = {isa = PBXFileReference; fileEncoding = 4; lastKnownFileType = sourcecode.c.h; path = CMDiscoverViewController.h; sourceTree = "<group>"; };
		3F2D6D4D1CE0CDDD00B1A267 /* CMDiscoverViewController.m */ = {isa = PBXFileReference; fileEncoding = 4; lastKnownFileType = sourcecode.c.objc; path = CMDiscoverViewController.m; sourceTree = "<group>"; };
		3F2D6D4E1CE0CDDD00B1A267 /* CMDiscoverViewController.storyboard */ = {isa = PBXFileReference; fileEncoding = 4; lastKnownFileType = file.storyboard; path = CMDiscoverViewController.storyboard; sourceTree = "<group>"; };
		3F5530F51CE538FD0059350B /* CMMomentsViewController.h */ = {isa = PBXFileReference; fileEncoding = 4; lastKnownFileType = sourcecode.c.h; path = CMMomentsViewController.h; sourceTree = "<group>"; };
		3F5530F61CE538FD0059350B /* CMMomentsViewController.m */ = {isa = PBXFileReference; fileEncoding = 4; lastKnownFileType = sourcecode.c.objc; path = CMMomentsViewController.m; sourceTree = "<group>"; };
		3F5530F91CE538FD0059350B /* CMMomentsTableViewCell.h */ = {isa = PBXFileReference; fileEncoding = 4; lastKnownFileType = sourcecode.c.h; path = CMMomentsTableViewCell.h; sourceTree = "<group>"; };
		3F5530FA1CE538FD0059350B /* CMMomentsTableViewCell.m */ = {isa = PBXFileReference; fileEncoding = 4; lastKnownFileType = sourcecode.c.objc; path = CMMomentsTableViewCell.m; sourceTree = "<group>"; };
		3F5530FD1CE5394B0059350B /* CMMomentsManager.h */ = {isa = PBXFileReference; fileEncoding = 4; lastKnownFileType = sourcecode.c.h; path = CMMomentsManager.h; sourceTree = "<group>"; };
		3F5530FE1CE5394B0059350B /* CMMomentsManager.m */ = {isa = PBXFileReference; fileEncoding = 4; lastKnownFileType = sourcecode.c.objc; path = CMMomentsManager.m; sourceTree = "<group>"; };
		3F5531001CE53C450059350B /* CMMomentsItem.h */ = {isa = PBXFileReference; fileEncoding = 4; lastKnownFileType = sourcecode.c.h; path = CMMomentsItem.h; sourceTree = "<group>"; };
		3F5531011CE53C450059350B /* CMMomentsItem.m */ = {isa = PBXFileReference; fileEncoding = 4; lastKnownFileType = sourcecode.c.objc; path = CMMomentsItem.m; sourceTree = "<group>"; };
		3F55316E1CE5770B0059350B /* images.xcassets */ = {isa = PBXFileReference; lastKnownFileType = folder.assetcatalog; name = images.xcassets; path = Discover/Moments/View/images.xcassets; sourceTree = "<group>"; };
		3FEB06DC1CECECB0008F4C15 /* CMMomentsOperationView.h */ = {isa = PBXFileReference; fileEncoding = 4; lastKnownFileType = sourcecode.c.h; path = CMMomentsOperationView.h; sourceTree = "<group>"; };
		3FEB06DD1CECECB0008F4C15 /* CMMomentsOperationView.m */ = {isa = PBXFileReference; fileEncoding = 4; lastKnownFileType = sourcecode.c.objc; path = CMMomentsOperationView.m; sourceTree = "<group>"; };
/* End PBXFileReference section */

/* Begin PBXFrameworksBuildPhase section */
		3F2D6D181CE0C8EB00B1A267 /* Frameworks */ = {
			isa = PBXFrameworksBuildPhase;
			buildActionMask = 2147483647;
			files = (
			);
			runOnlyForDeploymentPostprocessing = 0;
		};
/* End PBXFrameworksBuildPhase section */

/* Begin PBXGroup section */
		3F1F02091CEAB4A000977A58 /* Main */ = {
			isa = PBXGroup;
			children = (
				3F1F020D1CEAB4E200977A58 /* CMBaseViewController.h */,
				3F1F020E1CEAB4E200977A58 /* CMBaseViewController.m */,
				3F1F020A1CEAB4D200977A58 /* CMBaseTableViewController.h */,
				3F1F020B1CEAB4D200977A58 /* CMBaseTableViewController.m */,
			);
			path = Main;
			sourceTree = "<group>";
		};
		3F2B297E1CFB7AA5006B2E71 /* Resources */ = {
			isa = PBXGroup;
			children = (
				3F2B297F1CFB7AA5006B2E71 /* Images */,
			);
			path = Resources;
			sourceTree = "<group>";
		};
		3F2B297F1CFB7AA5006B2E71 /* Images */ = {
			isa = PBXGroup;
			children = (
				3F2B29801CFB7AA5006B2E71 /* cell_icons */,
				3F2B29861CFB7AA5006B2E71 /* cell_pics */,
			);
			path = Images;
			sourceTree = "<group>";
		};
		3F2B29801CFB7AA5006B2E71 /* cell_icons */ = {
			isa = PBXGroup;
			children = (
				3F2B29811CFB7AA5006B2E71 /* icon0.jpg */,
				3F2B29821CFB7AA5006B2E71 /* icon1.jpg */,
				3F2B29831CFB7AA5006B2E71 /* icon2.jpg */,
				3F2B29841CFB7AA5006B2E71 /* icon3.jpg */,
				3F2B29851CFB7AA5006B2E71 /* icon4.jpg */,
			);
			path = cell_icons;
			sourceTree = "<group>";
		};
		3F2B29861CFB7AA5006B2E71 /* cell_pics */ = {
			isa = PBXGroup;
			children = (
				3F2B29871CFB7AA5006B2E71 /* pic0.jpg */,
				3F2B29881CFB7AA5006B2E71 /* pic1.jpg */,
				3F2B29891CFB7AA5006B2E71 /* pic2.jpg */,
				3F2B298A1CFB7AA5006B2E71 /* pic3.jpg */,
				3F2B298B1CFB7AA5006B2E71 /* pic4.jpg */,
				3F2B298C1CFB7AA5006B2E71 /* pic5.jpg */,
				3F2B298D1CFB7AA5006B2E71 /* pic6.jpg */,
				3F2B298E1CFB7AA5006B2E71 /* pic7.jpg */,
				3F2B298F1CFB7AA5006B2E71 /* pic8.jpg */,
			);
			path = cell_pics;
			sourceTree = "<group>";
		};
		3F2D6D121CE0C8EB00B1A267 = {
			isa = PBXGroup;
			children = (
				3F2D6D1D1CE0C8EB00B1A267 /* CMWeChat */,
				3F2D6D1C1CE0C8EB00B1A267 /* Products */,
			);
			sourceTree = "<group>";
		};
		3F2D6D1C1CE0C8EB00B1A267 /* Products */ = {
			isa = PBXGroup;
			children = (
				3F2D6D1B1CE0C8EB00B1A267 /* CMWeChat.app */,
			);
			name = Products;
			sourceTree = "<group>";
		};
		3F2D6D1D1CE0C8EB00B1A267 /* CMWeChat */ = {
			isa = PBXGroup;
			children = (
				3F2D6D211CE0C8EB00B1A267 /* AppDelegate.h */,
				3F2D6D221CE0C8EB00B1A267 /* AppDelegate.m */,
				3F1F02091CEAB4A000977A58 /* Main */,
				3F2D6D4B1CE0CDDD00B1A267 /* Discover */,
				3F2D6D2C1CE0C8EB00B1A267 /* LaunchScreen.storyboard */,
				3F55316E1CE5770B0059350B /* images.xcassets */,
				3F2D6D2F1CE0C8EB00B1A267 /* Info.plist */,
				3F2D6D1E1CE0C8EB00B1A267 /* Supporting Files */,
			);
			path = CMWeChat;
			sourceTree = "<group>";
		};
		3F2D6D1E1CE0C8EB00B1A267 /* Supporting Files */ = {
			isa = PBXGroup;
			children = (
				3F2B297E1CFB7AA5006B2E71 /* Resources */,
				3F2D6D1F1CE0C8EB00B1A267 /* main.m */,
			);
			name = "Supporting Files";
			sourceTree = "<group>";
		};
		3F2D6D4B1CE0CDDD00B1A267 /* Discover */ = {
			isa = PBXGroup;
			children = (
				3F2D6D4C1CE0CDDD00B1A267 /* CMDiscoverViewController.h */,
				3F2D6D4D1CE0CDDD00B1A267 /* CMDiscoverViewController.m */,
				3F2D6D4E1CE0CDDD00B1A267 /* CMDiscoverViewController.storyboard */,
				3F2D6D4F1CE0CDDD00B1A267 /* Moments */,
			);
			path = Discover;
			sourceTree = "<group>";
		};
		3F2D6D4F1CE0CDDD00B1A267 /* Moments */ = {
			isa = PBXGroup;
			children = (
				3F5530F41CE538FD0059350B /* Controller */,
				3F5530F71CE538FD0059350B /* Model */,
				3F5530F81CE538FD0059350B /* View */,
			);
			path = Moments;
			sourceTree = "<group>";
		};
		3F5530F41CE538FD0059350B /* Controller */ = {
			isa = PBXGroup;
			children = (
				3F5530F51CE538FD0059350B /* CMMomentsViewController.h */,
				3F5530F61CE538FD0059350B /* CMMomentsViewController.m */,
			);
			path = Controller;
			sourceTree = "<group>";
		};
		3F5530F71CE538FD0059350B /* Model */ = {
			isa = PBXGroup;
			children = (
				3F5530FD1CE5394B0059350B /* CMMomentsManager.h */,
				3F5530FE1CE5394B0059350B /* CMMomentsManager.m */,
				3F5531001CE53C450059350B /* CMMomentsItem.h */,
				3F5531011CE53C450059350B /* CMMomentsItem.m */,
			);
			path = Model;
			sourceTree = "<group>";
		};
		3F5530F81CE538FD0059350B /* View */ = {
			isa = PBXGroup;
			children = (
				3F5530F91CE538FD0059350B /* CMMomentsTableViewCell.h */,
				3F5530FA1CE538FD0059350B /* CMMomentsTableViewCell.m */,
				3F0539491CEF5D7800510496 /* CMMomentsRichTextView.h */,
				3F05394A1CEF5D7800510496 /* CMMomentsRichTextView.m */,
				3F2B292C1CFB55A6006B2E71 /* CMPhotoCollectionViewCell.h */,
				3F2B292D1CFB55A6006B2E71 /* CMPhotoCollectionViewCell.m */,
				3F2B292E1CFB55CE006B2E71 /* CMPhotoCollectionFlowLayout.h */,
				3F2B292F1CFB55CE006B2E71 /* CMPhotoCollectionFlowLayout.m */,
				3FEB06DC1CECECB0008F4C15 /* CMMomentsOperationView.h */,
				3FEB06DD1CECECB0008F4C15 /* CMMomentsOperationView.m */,
				3F1F02101CEAB80200977A58 /* CMSendMessageView.h */,
				3F1F02111CEAB80200977A58 /* CMSendMessageView.m */,
			);
			path = View;
			sourceTree = "<group>";
		};
/* End PBXGroup section */

/* Begin PBXNativeTarget section */
		3F2D6D1A1CE0C8EB00B1A267 /* CMWeChat */ = {
			isa = PBXNativeTarget;
			buildConfigurationList = 3F2D6D321CE0C8EB00B1A267 /* Build configuration list for PBXNativeTarget "CMWeChat" */;
			buildPhases = (
				3F2D6D171CE0C8EB00B1A267 /* Sources */,
				3F2D6D181CE0C8EB00B1A267 /* Frameworks */,
				3F2D6D191CE0C8EB00B1A267 /* Resources */,
			);
			buildRules = (
			);
			dependencies = (
			);
			name = CMWeChat;
			productName = CMWeChat;
			productReference = 3F2D6D1B1CE0C8EB00B1A267 /* CMWeChat.app */;
			productType = "com.apple.product-type.application";
		};
/* End PBXNativeTarget section */

/* Begin PBXProject section */
		3F2D6D131CE0C8EB00B1A267 /* Project object */ = {
			isa = PBXProject;
			attributes = {
				LastUpgradeCheck = 0730;
				ORGANIZATIONNAME = MrCai;
				TargetAttributes = {
					3F2D6D1A1CE0C8EB00B1A267 = {
						CreatedOnToolsVersion = 7.3.1;
					};
				};
			};
			buildConfigurationList = 3F2D6D161CE0C8EB00B1A267 /* Build configuration list for PBXProject "CMWeChat" */;
			compatibilityVersion = "Xcode 3.2";
			developmentRegion = English;
			hasScannedForEncodings = 0;
			knownRegions = (
				en,
				Base,
			);
			mainGroup = 3F2D6D121CE0C8EB00B1A267;
			productRefGroup = 3F2D6D1C1CE0C8EB00B1A267 /* Products */;
			projectDirPath = "";
			projectRoot = "";
			targets = (
				3F2D6D1A1CE0C8EB00B1A267 /* CMWeChat */,
			);
		};
/* End PBXProject section */

/* Begin PBXResourcesBuildPhase section */
		3F2D6D191CE0C8EB00B1A267 /* Resources */ = {
			isa = PBXResourcesBuildPhase;
			buildActionMask = 2147483647;
			files = (
				3F2D6D511CE0CDDD00B1A267 /* CMDiscoverViewController.storyboard in Resources */,
				3F2D6D2E1CE0C8EB00B1A267 /* LaunchScreen.storyboard in Resources */,
				3F55316F1CE5770B0059350B /* images.xcassets in Resources */,
			);
			runOnlyForDeploymentPostprocessing = 0;
		};
/* End PBXResourcesBuildPhase section */

/* Begin PBXSourcesBuildPhase section */
		3F2D6D171CE0C8EB00B1A267 /* Sources */ = {
			isa = PBXSourcesBuildPhase;
			buildActionMask = 2147483647;
			files = (
				3F2B29301CFB59FB006B2E71 /* CMPhotoCollectionViewCell.h in Sources */,
				3F2B29311CFB59FB006B2E71 /* CMPhotoCollectionViewCell.m in Sources */,
				3F2B29321CFB59FB006B2E71 /* CMPhotoCollectionFlowLayout.h in Sources */,
				3F2B29331CFB59FB006B2E71 /* CMPhotoCollectionFlowLayout.m in Sources */,
				3F1F020C1CEAB4D200977A58 /* CMBaseTableViewController.m in Sources */,
				3F2D6D501CE0CDDD00B1A267 /* CMDiscoverViewController.m in Sources */,
				3F5530FF1CE5394B0059350B /* CMMomentsManager.m in Sources */,
				3F2D6D231CE0C8EB00B1A267 /* AppDelegate.m in Sources */,
				3FEB06DE1CECECB0008F4C15 /* CMMomentsOperationView.m in Sources */,
				3F5530FB1CE538FD0059350B /* CMMomentsViewController.m in Sources */,
				3F5530FC1CE538FD0059350B /* CMMomentsTableViewCell.m in Sources */,
				3F05394B1CEF5D7800510496 /* CMMomentsRichTextView.m in Sources */,
				3F1F02121CEAB80200977A58 /* CMSendMessageView.m in Sources */,
				3F2D6D201CE0C8EB00B1A267 /* main.m in Sources */,
				3F5531021CE53C450059350B /* CMMomentsItem.m in Sources */,
				3F1F020F1CEAB4E200977A58 /* CMBaseViewController.m in Sources */,
			);
			runOnlyForDeploymentPostprocessing = 0;
		};
/* End PBXSourcesBuildPhase section */

/* Begin PBXVariantGroup section */
		3F2D6D2C1CE0C8EB00B1A267 /* LaunchScreen.storyboard */ = {
			isa = PBXVariantGroup;
			children = (
				3F2D6D2D1CE0C8EB00B1A267 /* Base */,
			);
			name = LaunchScreen.storyboard;
			sourceTree = "<group>";
		};
/* End PBXVariantGroup section */

/* Begin XCBuildConfiguration section */
		3F2D6D301CE0C8EB00B1A267 /* Debug */ = {
			isa = XCBuildConfiguration;
			buildSettings = {
				ALWAYS_SEARCH_USER_PATHS = NO;
				CLANG_ANALYZER_NONNULL = YES;
				CLANG_CXX_LANGUAGE_STANDARD = "gnu++0x";
				CLANG_CXX_LIBRARY = "libc++";
				CLANG_ENABLE_MODULES = YES;
				CLANG_ENABLE_OBJC_ARC = YES;
				CLANG_WARN_BOOL_CONVERSION = YES;
				CLANG_WARN_CONSTANT_CONVERSION = YES;
				CLANG_WARN_DIRECT_OBJC_ISA_USAGE = YES_ERROR;
				CLANG_WARN_EMPTY_BODY = YES;
				CLANG_WARN_ENUM_CONVERSION = YES;
				CLANG_WARN_INT_CONVERSION = YES;
				CLANG_WARN_OBJC_ROOT_CLASS = YES_ERROR;
				CLANG_WARN_UNREACHABLE_CODE = YES;
				CLANG_WARN__DUPLICATE_METHOD_MATCH = YES;
				"CODE_SIGN_IDENTITY[sdk=iphoneos*]" = "iPhone Developer";
				COPY_PHASE_STRIP = NO;
				DEBUG_INFORMATION_FORMAT = dwarf;
				ENABLE_STRICT_OBJC_MSGSEND = YES;
				ENABLE_TESTABILITY = YES;
				GCC_C_LANGUAGE_STANDARD = gnu99;
				GCC_DYNAMIC_NO_PIC = NO;
				GCC_NO_COMMON_BLOCKS = YES;
				GCC_OPTIMIZATION_LEVEL = 0;
				GCC_PREPROCESSOR_DEFINITIONS = (
					"DEBUG=1",
					"$(inherited)",
				);
				GCC_WARN_64_TO_32_BIT_CONVERSION = YES;
				GCC_WARN_ABOUT_RETURN_TYPE = YES_ERROR;
				GCC_WARN_UNDECLARED_SELECTOR = YES;
				GCC_WARN_UNINITIALIZED_AUTOS = YES_AGGRESSIVE;
				GCC_WARN_UNUSED_FUNCTION = YES;
				GCC_WARN_UNUSED_VARIABLE = YES;
				IPHONEOS_DEPLOYMENT_TARGET = 9.3;
				MTL_ENABLE_DEBUG_INFO = YES;
				ONLY_ACTIVE_ARCH = YES;
				SDKROOT = iphoneos;
			};
			name = Debug;
		};
		3F2D6D311CE0C8EB00B1A267 /* Release */ = {
			isa = XCBuildConfiguration;
			buildSettings = {
				ALWAYS_SEARCH_USER_PATHS = NO;
				CLANG_ANALYZER_NONNULL = YES;
				CLANG_CXX_LANGUAGE_STANDARD = "gnu++0x";
				CLANG_CXX_LIBRARY = "libc++";
				CLANG_ENABLE_MODULES = YES;
				CLANG_ENABLE_OBJC_ARC = YES;
				CLANG_WARN_BOOL_CONVERSION = YES;
				CLANG_WARN_CONSTANT_CONVERSION = YES;
				CLANG_WARN_DIRECT_OBJC_ISA_USAGE = YES_ERROR;
				CLANG_WARN_EMPTY_BODY = YES;
				CLANG_WARN_ENUM_CONVERSION = YES;
				CLANG_WARN_INT_CONVERSION = YES;
				CLANG_WARN_OBJC_ROOT_CLASS = YES_ERROR;
				CLANG_WARN_UNREACHABLE_CODE = YES;
				CLANG_WARN__DUPLICATE_METHOD_MATCH = YES;
				"CODE_SIGN_IDENTITY[sdk=iphoneos*]" = "iPhone Developer";
				COPY_PHASE_STRIP = NO;
				DEBUG_INFORMATION_FORMAT = "dwarf-with-dsym";
				ENABLE_NS_ASSERTIONS = NO;
				ENABLE_STRICT_OBJC_MSGSEND = YES;
				GCC_C_LANGUAGE_STANDARD = gnu99;
				GCC_NO_COMMON_BLOCKS = YES;
				GCC_WARN_64_TO_32_BIT_CONVERSION = YES;
				GCC_WARN_ABOUT_RETURN_TYPE = YES_ERROR;
				GCC_WARN_UNDECLARED_SELECTOR = YES;
				GCC_WARN_UNINITIALIZED_AUTOS = YES_AGGRESSIVE;
				GCC_WARN_UNUSED_FUNCTION = YES;
				GCC_WARN_UNUSED_VARIABLE = YES;
				IPHONEOS_DEPLOYMENT_TARGET = 9.3;
				MTL_ENABLE_DEBUG_INFO = NO;
				SDKROOT = iphoneos;
				VALIDATE_PRODUCT = YES;
			};
			name = Release;
		};
		3F2D6D331CE0C8EB00B1A267 /* Debug */ = {
			isa = XCBuildConfiguration;
			buildSettings = {
				ASSETCATALOG_COMPILER_APPICON_NAME = AppIcon;
				ASSETCATALOG_COMPILER_LAUNCHIMAGE_NAME = "Brand Assets";
				INFOPLIST_FILE = CMWeChat/Info.plist;
				IPHONEOS_DEPLOYMENT_TARGET = 7.0;
				LD_RUNPATH_SEARCH_PATHS = "$(inherited) @executable_path/Frameworks";
				PRODUCT_BUNDLE_IDENTIFIER = com.mrcai.CMWeChat;
				PRODUCT_NAME = "$(TARGET_NAME)";
			};
			name = Debug;
		};
		3F2D6D341CE0C8EB00B1A267 /* Release */ = {
			isa = XCBuildConfiguration;
			buildSettings = {
				ASSETCATALOG_COMPILER_APPICON_NAME = AppIcon;
				ASSETCATALOG_COMPILER_LAUNCHIMAGE_NAME = "Brand Assets";
				INFOPLIST_FILE = CMWeChat/Info.plist;
				IPHONEOS_DEPLOYMENT_TARGET = 7.0;
				LD_RUNPATH_SEARCH_PATHS = "$(inherited) @executable_path/Frameworks";
				PRODUCT_BUNDLE_IDENTIFIER = com.mrcai.CMWeChat;
				PRODUCT_NAME = "$(TARGET_NAME)";
			};
			name = Release;
		};
/* End XCBuildConfiguration section */

/* Begin XCConfigurationList section */
		3F2D6D161CE0C8EB00B1A267 /* Build configuration list for PBXProject "CMWeChat" */ = {
			isa = XCConfigurationList;
			buildConfigurations = (
				3F2D6D301CE0C8EB00B1A267 /* Debug */,
				3F2D6D311CE0C8EB00B1A267 /* Release */,
			);
			defaultConfigurationIsVisible = 0;
			defaultConfigurationName = Release;
		};
		3F2D6D321CE0C8EB00B1A267 /* Build configuration list for PBXNativeTarget "CMWeChat" */ = {
			isa = XCConfigurationList;
			buildConfigurations = (
				3F2D6D331CE0C8EB00B1A267 /* Debug */,
				3F2D6D341CE0C8EB00B1A267 /* Release */,
			);
			defaultConfigurationIsVisible = 0;
			defaultConfigurationName = Release;
		};
/* End XCConfigurationList section */
	};
	rootObject = 3F2D6D131CE0C8EB00B1A267 /* Project object */;
}
